
Microsoft Visual Studio Solution File, Format Version 12.00
# Visual Studio Version 16
VisualStudioVersion = 16.0.30611.23
MinimumVisualStudioVersion = 10.0.40219.1
Project("{FAE04EC0-301F-11D3-BF4B-00C04F79EFBC}") = "BMI met if", "BMI met if\BMI met if.csproj", "{D061EB84-256D-4246-9DBB-9C7464B52082}"
EndProject
Project("{FAE04EC0-301F-11D3-BF4B-00C04F79EFBC}") = "Schoenverkoper", "Schoenverkoper\Schoenverkoper.csproj", "{4F9D5106-8955-4ECD-B099-009BDD1EA95D}"
EndProject
Project("{FAE04EC0-301F-11D3-BF4B-00C04F79EFBC}") = "Ohm-berekenaar", "Ohm-berekenaar\Ohm-berekenaar.csproj", "{F9B2E737-64EA-41F3-AEBF-EDEC56EAD5A8}"
EndProject
Project("{FAE04EC0-301F-11D3-BF4B-00C04F79EFBC}") = "BankRekening controle", "BankRekening controle\BankRekening controle.csproj", "{B8AB0259-59A3-4656-A182-356E1B05EE92}"
EndProject
Project("{FAE04EC0-301F-11D3-BF4B-00C04F79EFBC}") = "Kleurcode weerstand naar ohm", "Kleurcode weerstand naar ohm\Kleurcode weerstand naar ohm.csproj", "{4A50CCF8-1D28-49B2-86F4-9AC535E6E29F}"
EndProject
Project("{FAE04EC0-301F-11D3-BF4B-00C04F79EFBC}") = "Orakeltje van Delphi, part deux", "Orakeltje van Delphi, part deux\Orakeltje van Delphi, part deux.csproj", "{561A7D48-CE75-4FD6-9481-23A789F18CAE}"
EndProject
Project("{FAE04EC0-301F-11D3-BF4B-00C04F79EFBC}") = "Casino", "Casino\Casino.csproj", "{A8BA99BF-4374-4B35-A0DF-CFE0ECD70586}"
EndProject
Project("{FAE04EC0-301F-11D3-BF4B-00C04F79EFBC}") = "Casino 3", "Casino 3\Casino 3.csproj", "{B95136D7-4A73-4227-9BF2-155E107DD076}"
EndProject
Project("{FAE04EC0-301F-11D3-BF4B-00C04F79EFBC}") = "Schaakstuk", "Schaakstuk\Schaakstuk.csproj", "{5376D42B-B4AC-45B0-AC8C-E5FA2DE02C75}"
EndProject
Project("{FAE04EC0-301F-11D3-BF4B-00C04F79EFBC}") = "Quiz", "Quiz\Quiz.csproj", "{0AFCDD52-2751-44A7-8085-ECDF20F9E65E}"
EndProject
Project("{FAE04EC0-301F-11D3-BF4B-00C04F79EFBC}") = "Schrikkeljaar", "Schrikkeljaar\Schrikkeljaar.csproj", "{4BE0D03C-8C6F-4DD2-8518-55E22A204F66}"
EndProject
Project("{FAE04EC0-301F-11D3-BF4B-00C04F79EFBC}") = "GuntherD Stemwijzer", "GuntherD Stemwijzer\GuntherD Stemwijzer.csproj", "{6362E230-37BF-487E-98A5-52C32139D51A}"
EndProject
Global
	GlobalSection(SolutionConfigurationPlatforms) = preSolution
		Debug|Any CPU = Debug|Any CPU
		Release|Any CPU = Release|Any CPU
	EndGlobalSection
	GlobalSection(ProjectConfigurationPlatforms) = postSolution
		{D061EB84-256D-4246-9DBB-9C7464B52082}.Debug|Any CPU.ActiveCfg = Debug|Any CPU
		{D061EB84-256D-4246-9DBB-9C7464B52082}.Debug|Any CPU.Build.0 = Debug|Any CPU
		{D061EB84-256D-4246-9DBB-9C7464B52082}.Release|Any CPU.ActiveCfg = Release|Any CPU
		{D061EB84-256D-4246-9DBB-9C7464B52082}.Release|Any CPU.Build.0 = Release|Any CPU
		{4F9D5106-8955-4ECD-B099-009BDD1EA95D}.Debug|Any CPU.ActiveCfg = Debug|Any CPU
		{4F9D5106-8955-4ECD-B099-009BDD1EA95D}.Debug|Any CPU.Build.0 = Debug|Any CPU
		{4F9D5106-8955-4ECD-B099-009BDD1EA95D}.Release|Any CPU.ActiveCfg = Release|Any CPU
		{4F9D5106-8955-4ECD-B099-009BDD1EA95D}.Release|Any CPU.Build.0 = Release|Any CPU
		{F9B2E737-64EA-41F3-AEBF-EDEC56EAD5A8}.Debug|Any CPU.ActiveCfg = Debug|Any CPU
		{F9B2E737-64EA-41F3-AEBF-EDEC56EAD5A8}.Debug|Any CPU.Build.0 = Debug|Any CPU
		{F9B2E737-64EA-41F3-AEBF-EDEC56EAD5A8}.Release|Any CPU.ActiveCfg = Release|Any CPU
		{F9B2E737-64EA-41F3-AEBF-EDEC56EAD5A8}.Release|Any CPU.Build.0 = Release|Any CPU
		{B8AB0259-59A3-4656-A182-356E1B05EE92}.Debug|Any CPU.ActiveCfg = Debug|Any CPU
		{B8AB0259-59A3-4656-A182-356E1B05EE92}.Debug|Any CPU.Build.0 = Debug|Any CPU
		{B8AB0259-59A3-4656-A182-356E1B05EE92}.Release|Any CPU.ActiveCfg = Release|Any CPU
		{B8AB0259-59A3-4656-A182-356E1B05EE92}.Release|Any CPU.Build.0 = Release|Any CPU
		{4A50CCF8-1D28-49B2-86F4-9AC535E6E29F}.Debug|Any CPU.ActiveCfg = Debug|Any CPU
		{4A50CCF8-1D28-49B2-86F4-9AC535E6E29F}.Debug|Any CPU.Build.0 = Debug|Any CPU
		{4A50CCF8-1D28-49B2-86F4-9AC535E6E29F}.Release|Any CPU.ActiveCfg = Release|Any CPU
		{4A50CCF8-1D28-49B2-86F4-9AC535E6E29F}.Release|Any CPU.Build.0 = Release|Any CPU
		{561A7D48-CE75-4FD6-9481-23A789F18CAE}.Debug|Any CPU.ActiveCfg = Debug|Any CPU
		{561A7D48-CE75-4FD6-9481-23A789F18CAE}.Debug|Any CPU.Build.0 = Debug|Any CPU
		{561A7D48-CE75-4FD6-9481-23A789F18CAE}.Release|Any CPU.ActiveCfg = Release|Any CPU
		{561A7D48-CE75-4FD6-9481-23A789F18CAE}.Release|Any CPU.Build.0 = Release|Any CPU
		{A8BA99BF-4374-4B35-A0DF-CFE0ECD70586}.Debug|Any CPU.ActiveCfg = Debug|Any CPU
		{A8BA99BF-4374-4B35-A0DF-CFE0ECD70586}.Debug|Any CPU.Build.0 = Debug|Any CPU
		{A8BA99BF-4374-4B35-A0DF-CFE0ECD70586}.Release|Any CPU.ActiveCfg = Release|Any CPU
		{A8BA99BF-4374-4B35-A0DF-CFE0ECD70586}.Release|Any CPU.Build.0 = Release|Any CPU
		{B95136D7-4A73-4227-9BF2-155E107DD076}.Debug|Any CPU.ActiveCfg = Debug|Any CPU
		{B95136D7-4A73-4227-9BF2-155E107DD076}.Debug|Any CPU.Build.0 = Debug|Any CPU
		{B95136D7-4A73-4227-9BF2-155E107DD076}.Release|Any CPU.ActiveCfg = Release|Any CPU
		{B95136D7-4A73-4227-9BF2-155E107DD076}.Release|Any CPU.Build.0 = Release|Any CPU
		{5376D42B-B4AC-45B0-AC8C-E5FA2DE02C75}.Debug|Any CPU.ActiveCfg = Debug|Any CPU
		{5376D42B-B4AC-45B0-AC8C-E5FA2DE02C75}.Debug|Any CPU.Build.0 = Debug|Any CPU
		{5376D42B-B4AC-45B0-AC8C-E5FA2DE02C75}.Release|Any CPU.ActiveCfg = Release|Any CPU
		{5376D42B-B4AC-45B0-AC8C-E5FA2DE02C75}.Release|Any CPU.Build.0 = Release|Any CPU
		{0AFCDD52-2751-44A7-8085-ECDF20F9E65E}.Debug|Any CPU.ActiveCfg = Debug|Any CPU
		{0AFCDD52-2751-44A7-8085-ECDF20F9E65E}.Debug|Any CPU.Build.0 = Debug|Any CPU
		{0AFCDD52-2751-44A7-8085-ECDF20F9E65E}.Release|Any CPU.ActiveCfg = Release|Any CPU
		{0AFCDD52-2751-44A7-8085-ECDF20F9E65E}.Release|Any CPU.Build.0 = Release|Any CPU
		{4BE0D03C-8C6F-4DD2-8518-55E22A204F66}.Debug|Any CPU.ActiveCfg = Debug|Any CPU
		{4BE0D03C-8C6F-4DD2-8518-55E22A204F66}.Debug|Any CPU.Build.0 = Debug|Any CPU
		{4BE0D03C-8C6F-4DD2-8518-55E22A204F66}.Release|Any CPU.ActiveCfg = Release|Any CPU
		{4BE0D03C-8C6F-4DD2-8518-55E22A204F66}.Release|Any CPU.Build.0 = Release|Any CPU
		{6362E230-37BF-487E-98A5-52C32139D51A}.Debug|Any CPU.ActiveCfg = Debug|Any CPU
		{6362E230-37BF-487E-98A5-52C32139D51A}.Debug|Any CPU.Build.0 = Debug|Any CPU
		{6362E230-37BF-487E-98A5-52C32139D51A}.Release|Any CPU.ActiveCfg = Release|Any CPU
		{6362E230-37BF-487E-98A5-52C32139D51A}.Release|Any CPU.Build.0 = Release|Any CPU
	EndGlobalSection
	GlobalSection(SolutionProperties) = preSolution
		HideSolutionNode = FALSE
	EndGlobalSection
	GlobalSection(ExtensibilityGlobals) = postSolution
		SolutionGuid = {2E775E24-73BC-4B02-885D-1800C7F53709}
	EndGlobalSection
EndGlobal
